{
  "name": "assets",
  "version": "1.0.0",
  "lockfileVersion": 3,
  "requires": true,
  "packages": {
    "": {
      "name": "assets",
      "version": "1.0.0",
      "license": "ISC",
      "dependencies": {
        "vanilla-website-utils": "^1.11.2"
      }
    },
    "node_modules/vanilla-website-utils": {
      "version": "1.11.2",
      "resolved": "https://registry.npmjs.org/vanilla-website-utils/-/vanilla-website-utils-1.11.2.tgz",
      "integrity": "sha512-pU2ALLE7x0+V+p1Tz1RIJfhTuJ7LGMzNFImyWTw2h6UPjYEDKlOS7joPpLqdRj8600weauxj5FQb7hBBzw9log=="
    }
  }
}
